{
    "_meta": {
        "hash": {
            "sha256": "6e4e84ba8d45b4f44d91c895ad43da30693e54493b5987afb9b2db208532084a"
        },
        "pipfile-spec": 6,
        "requires": {
            "python_version": "3"
        },
        "sources": [
            {
                "name": "pypi",
                "url": "https://pypi.org/simple",
                "verify_ssl": true
            }
        ]
    },
    "default": {
        "altgraph": {
            "hashes": [
                "sha256:ad33358114df7c9416cdb8fa1eaa5852166c505118717021c6a8c7c7abbd03dd",
                "sha256:c8ac1ca6772207179ed8003ce7687757c04b0b71536f81e2ac5755c6226458fe"
            ],
            "version": "==0.17.3"
        },
        "future": {
            "hashes": [
                "sha256:b1bead90b70cf6ec3f0710ae53a525360fa360d306a86583adc6bf83a4db537d"
            ],
            "markers": "python_version >= '2.6' and python_version not in '3.0, 3.1, 3.2'",
            "version": "==0.18.2"
        },
        "macholib": {
            "hashes": [
                "sha256:44c40f2cd7d6726af8fa6fe22549178d3a4dfecc35a9cd15ea916d9c83a688e0",
                "sha256:557bbfa1bb255c20e9abafe7ed6cd8046b48d9525db2f9b77d3122a63a2a8bf8"
            ],
            "markers": "sys_platform == 'darwin'",
            "version": "==1.16.2"
        },
        "pefile": {
            "hashes": [
                "sha256:a5488a3dd1fd021ce33f969780b88fe0f7eebb76eb20996d7318f307612a045b"
            ],
            "markers": "sys_platform == 'win32'",
            "version": "==2022.5.30"
        },
        "pyinstaller": {
            "hashes": [
                "sha256:0e5953937d35f0b37543cc6915dacaf3239bcbdf3fd3ecbb7866645468a16775",
                "sha256:0f80e2403e76630ad3392c71f09c1a4284e8d8a8a99fb55ff3a0aba0e06300ed",
                "sha256:1ac3f09b838710c43e34b0a7ad003bd168a754b0b786c561b47baf1af9104354",
                "sha256:28a8a0da656493aa32d9665e2f6f84775da0f23174859ed8facaa4226fe77a17",
                "sha256:2c1dd9d11cfc48bab61eeb06de69a3d1ad742bbb2ef14716965ca0333dd43a5b",
                "sha256:3180b9bf22263380adc5e2ee051b7c21463292877215bbe70c9155dc76f4b966",
                "sha256:3e51e18a16dec0414079762843cf892a5d70749ad56ca7b3c7b5f8367dc50b1e",
                "sha256:9b47c10fbefac6f6493266f8b1689109b2b14efa9142dbd2cd7549226a4568b7",
                "sha256:9cdb8ee8622ee8d2c6cd67f001b610019d4371a8bf3f7850562640ce786894d7",
                "sha256:b967ae71ab7b05e18608dbb4518da5afa54f0835927cb7a5ce52ab8fffed03b6",
                "sha256:dfc12e92fe10ae645dd0dd1fcfa4cd7677b2e96119e3cd4980d742e09bb78925",
                "sha256:f35f06d48faea0ad738429c009941059beebaa306e9d9ead95f1df4b441de2aa"
            ],
            "index": "pypi",
            "version": "==5.7.0"
        },
        "pyinstaller-hooks-contrib": {
            "hashes": [
                "sha256:1a125838a22d7b35a18993c6e56d3c5cc3ad7da00954f95bc5606523939203f2",
                "sha256:5ae8da3a92cf20e37b3e00604d0c3468896e7d746e5c1449473597a724331b0b"
            ],
            "markers": "python_version >= '3.7'",
            "version": "==2022.14"
        },
        "pywin32-ctypes": {
            "hashes": [
                "sha256:24ffc3b341d457d48e8922352130cf2644024a4ff09762a2261fd34c36ee5942",
                "sha256:9dc2d991b3479cc2df15930958b674a48a227d5361d413827a4cfd0b5876fc98"
            ],
            "markers": "sys_platform == 'win32'",
            "version": "==0.2.0"
        },
        "setuptools": {
            "hashes": [
                "sha256:57f6f22bde4e042978bcd50176fdb381d7c21a9efa4041202288d3737a0c6a54",
                "sha256:a7620757bf984b58deaf32fc8a4577a9bbc0850cf92c20e1ce41c38c19e5fb75"
            ],
            "markers": "python_version >= '3.7'",
            "version": "==65.6.3"
        }
    },
    "develop": {
        "flake8": {
            "hashes": [
                "sha256:3833794e27ff64ea4e9cf5d410082a8b97ff1a06c16aa3d2027339cd0f1195c7",
                "sha256:c61007e76655af75e6785a931f452915b371dc48f56efd765247c8fe68f2b181"
            ],
            "index": "pypi",
            "version": "==6.0.0"
        },
        "mccabe": {
            "hashes": [
                "sha256:348e0240c33b60bbdf4e523192ef919f28cb2c3d7d5c7794f74009290f236325",
                "sha256:6c2d30ab6be0e4a46919781807b4f0d834ebdd6c6e3dca0bda5a15f863427b6e"
            ],
            "markers": "python_version >= '3.6'",
            "version": "==0.7.0"
        },
        "pycodestyle": {
            "hashes": [
                "sha256:347187bdb476329d98f695c213d7295a846d1152ff4fe9bacb8a9590b8ee7053",
                "sha256:8a4eaf0d0495c7395bdab3589ac2db602797d76207242c17d470186815706610"
            ],
            "markers": "python_version >= '3.6'",
            "version": "==2.10.0"
        },
        "pyflakes": {
            "hashes": [
                "sha256:ec55bf7fe21fff7f1ad2f7da62363d749e2a470500eab1b555334b67aa1ef8cf",
                "sha256:ec8b276a6b60bd80defed25add7e439881c19e64850afd9b346283d4165fd0fd"
            ],
            "markers": "python_version >= '3.6'",
            "version": "==3.0.1"
        }
    }
}
